
Microsoft Visual Studio Solution File, Format Version 12.00
# Visual Studio Version 17
VisualStudioVersion = 17.8.34330.188
MinimumVisualStudioVersion = 10.0.40219.1
Project("{FAE04EC0-301F-11D3-BF4B-00C04F79EFBC}") = "discos-form", "discos-form\discos-form.csproj", "{94DDF08E-003D-4E5B-9E8B-AD68795839B2}"
EndProject
Project("{FAE04EC0-301F-11D3-BF4B-00C04F79EFBC}") = "dominio", "dominio\dominio.csproj", "{0844C592-931E-4C1D-9D23-5CBC1C4CAC15}"
EndProject
Project("{FAE04EC0-301F-11D3-BF4B-00C04F79EFBC}") = "negocio", "negocio\negocio.csproj", "{9186548F-0164-4E97-9B99-91C9EC0C78EB}"
EndProject
Project("{FAE04EC0-301F-11D3-BF4B-00C04F79EFBC}") = "ConexionDB", "Conexion.DB\ConexionDB.csproj", "{D20B3642-D9A4-4ACA-9506-A2B1E74BFA8F}"
EndProject
Global
	GlobalSection(SolutionConfigurationPlatforms) = preSolution
		Debug|Any CPU = Debug|Any CPU
		Release|Any CPU = Release|Any CPU
	EndGlobalSection
	GlobalSection(ProjectConfigurationPlatforms) = postSolution
		{94DDF08E-003D-4E5B-9E8B-AD68795839B2}.Debug|Any CPU.ActiveCfg = Debug|Any CPU
		{94DDF08E-003D-4E5B-9E8B-AD68795839B2}.Debug|Any CPU.Build.0 = Debug|Any CPU
		{94DDF08E-003D-4E5B-9E8B-AD68795839B2}.Release|Any CPU.ActiveCfg = Release|Any CPU
		{94DDF08E-003D-4E5B-9E8B-AD68795839B2}.Release|Any CPU.Build.0 = Release|Any CPU
		{0844C592-931E-4C1D-9D23-5CBC1C4CAC15}.Debug|Any CPU.ActiveCfg = Debug|Any CPU
		{0844C592-931E-4C1D-9D23-5CBC1C4CAC15}.Debug|Any CPU.Build.0 = Debug|Any CPU
		{0844C592-931E-4C1D-9D23-5CBC1C4CAC15}.Release|Any CPU.ActiveCfg = Release|Any CPU
		{0844C592-931E-4C1D-9D23-5CBC1C4CAC15}.Release|Any CPU.Build.0 = Release|Any CPU
		{9186548F-0164-4E97-9B99-91C9EC0C78EB}.Debug|Any CPU.ActiveCfg = Debug|Any CPU
		{9186548F-0164-4E97-9B99-91C9EC0C78EB}.Debug|Any CPU.Build.0 = Debug|Any CPU
		{9186548F-0164-4E97-9B99-91C9EC0C78EB}.Release|Any CPU.ActiveCfg = Release|Any CPU
		{9186548F-0164-4E97-9B99-91C9EC0C78EB}.Release|Any CPU.Build.0 = Release|Any CPU
		{D20B3642-D9A4-4ACA-9506-A2B1E74BFA8F}.Debug|Any CPU.ActiveCfg = Debug|Any CPU
		{D20B3642-D9A4-4ACA-9506-A2B1E74BFA8F}.Debug|Any CPU.Build.0 = Debug|Any CPU
		{D20B3642-D9A4-4ACA-9506-A2B1E74BFA8F}.Release|Any CPU.ActiveCfg = Release|Any CPU
		{D20B3642-D9A4-4ACA-9506-A2B1E74BFA8F}.Release|Any CPU.Build.0 = Release|Any CPU
	EndGlobalSection
	GlobalSection(SolutionProperties) = preSolution
		HideSolutionNode = FALSE
	EndGlobalSection
	GlobalSection(ExtensibilityGlobals) = postSolution
		SolutionGuid = {6C9D6521-D6DA-4049-9A20-2B6DA57D0F61}
	EndGlobalSection
EndGlobal
